
Microsoft Visual Studio Solution File, Format Version 12.00
# Visual Studio 14
VisualStudioVersion = 14.0.24720.0
MinimumVisualStudioVersion = 10.0.40219.1
Project("{8BC9CEB8-8B4A-11D0-8D11-00A0C91BC942}") = "MUA", "MUA\MUA.vcxproj", "{FD4D1CE5-A1F8-4AC8-8D63-8A689C6B1F3E}"
EndProject
Project("{2150E333-8FDC-42A3-9474-1A3956D46DE8}") = "Solution Items", "Solution Items", "{D10AF844-548E-4688-95A9-CB9CDEDEDF7F}"
	ProjectSection(SolutionItems) = preProject
		.gitignore = .gitignore
		LICENSE.txt = LICENSE.txt
		README.md = README.md
	EndProjectSection
EndProject
Global
	GlobalSection(SolutionConfigurationPlatforms) = preSolution
		Debug|x64 = Debug|x64
		Debug|x86 = Debug|x86
		Release|x64 = Release|x64
		Release|x86 = Release|x86
	EndGlobalSection
	GlobalSection(ProjectConfigurationPlatforms) = postSolution
		{FD4D1CE5-A1F8-4AC8-8D63-8A689C6B1F3E}.Debug|x64.ActiveCfg = Debug|x64
		{FD4D1CE5-A1F8-4AC8-8D63-8A689C6B1F3E}.Debug|x64.Build.0 = Debug|x64
		{FD4D1CE5-A1F8-4AC8-8D63-8A689C6B1F3E}.Debug|x86.ActiveCfg = Debug|Win32
		{FD4D1CE5-A1F8-4AC8-8D63-8A689C6B1F3E}.Debug|x86.Build.0 = Debug|Win32
		{FD4D1CE5-A1F8-4AC8-8D63-8A689C6B1F3E}.Release|x64.ActiveCfg = Release|x64
		{FD4D1CE5-A1F8-4AC8-8D63-8A689C6B1F3E}.Release|x64.Build.0 = Release|x64
		{FD4D1CE5-A1F8-4AC8-8D63-8A689C6B1F3E}.Release|x86.ActiveCfg = Release|Win32
		{FD4D1CE5-A1F8-4AC8-8D63-8A689C6B1F3E}.Release|x86.Build.0 = Release|Win32
	EndGlobalSection
	GlobalSection(SolutionProperties) = preSolution
		HideSolutionNode = FALSE
	EndGlobalSection
EndGlobal
